
Microsoft Visual Studio Solution File, Format Version 12.00
# Visual Studio Version 17
VisualStudioVersion = 17.3.32901.215
MinimumVisualStudioVersion = 10.0.40219.1
Project("{FAE04EC0-301F-11D3-BF4B-00C04F79EFBC}") = "BlazorPortfolio", "BlazorPortfolio.csproj", "{A66D3039-56B3-4FD4-825A-55CF9AC554B9}"
EndProject
Global
	GlobalSection(SolutionConfigurationPlatforms) = preSolution
		Debug|Any CPU = Debug|Any CPU
		Release|Any CPU = Release|Any CPU
	EndGlobalSection
	GlobalSection(ProjectConfigurationPlatforms) = postSolution
		{A66D3039-56B3-4FD4-825A-55CF9AC554B9}.Debug|Any CPU.ActiveCfg = Debug|Any CPU
		{A66D3039-56B3-4FD4-825A-55CF9AC554B9}.Debug|Any CPU.Build.0 = Debug|Any CPU
		{A66D3039-56B3-4FD4-825A-55CF9AC554B9}.Release|Any CPU.ActiveCfg = Release|Any CPU
		{A66D3039-56B3-4FD4-825A-55CF9AC554B9}.Release|Any CPU.Build.0 = Release|Any CPU
	EndGlobalSection
	GlobalSection(SolutionProperties) = preSolution
		HideSolutionNode = FALSE
	EndGlobalSection
	GlobalSection(ExtensibilityGlobals) = postSolution
		SolutionGuid = {DEC56256-D07E-469F-95F0-2BD9605868C3}
	EndGlobalSection
EndGlobal
